
Microsoft Visual Studio Solution File, Format Version 12.00
# Visual Studio Version 17
VisualStudioVersion = 17.9.34728.123
MinimumVisualStudioVersion = 10.0.40219.1
Project("{FAE04EC0-301F-11D3-BF4B-00C04F79EFBC}") = "20200305010Project", "20200305010Project\20200305010Project.csproj", "{A105424C-6A41-473A-A2FE-2845CC35EDDE}"
EndProject
Global
	GlobalSection(SolutionConfigurationPlatforms) = preSolution
		Debug|Any CPU = Debug|Any CPU
		Release|Any CPU = Release|Any CPU
	EndGlobalSection
	GlobalSection(ProjectConfigurationPlatforms) = postSolution
		{A105424C-6A41-473A-A2FE-2845CC35EDDE}.Debug|Any CPU.ActiveCfg = Debug|Any CPU
		{A105424C-6A41-473A-A2FE-2845CC35EDDE}.Debug|Any CPU.Build.0 = Debug|Any CPU
		{A105424C-6A41-473A-A2FE-2845CC35EDDE}.Release|Any CPU.ActiveCfg = Release|Any CPU
		{A105424C-6A41-473A-A2FE-2845CC35EDDE}.Release|Any CPU.Build.0 = Release|Any CPU
	EndGlobalSection
	GlobalSection(SolutionProperties) = preSolution
		HideSolutionNode = FALSE
	EndGlobalSection
	GlobalSection(ExtensibilityGlobals) = postSolution
		SolutionGuid = {2A483318-7253-4421-9EC6-2DB6BAC359DE}
	EndGlobalSection
EndGlobal
